{
  "source_commit": "26163df1062b4702e18c8dd374a90ed8916818c1",
  "working_tree_dirty": true,
  "generated_at": "2026-08-28T18:47:39Z",
  "scanned_scope": [
    "."
  ],
  "excluded_directories": [
    ".agents",
    ".cache",
    ".git",
    ".hg",
    ".next",
    ".nuxt",
    ".obsidian",
    ".svn",
    ".turbo",
    ".venv",
    ".vscode",
    "__pycache__",
    "build",
    "coverage",
    "dist",
    "docs/codemap",
    "generated",
    "node_modules",
    "out",
    "target",
    "vendor",
    "venv"
  ],
  "fingerprint_algorithm": "sha256-path-content-v2",
  "modules": [
    {
      "id": ".",
      "path": ".",
      "file_count": 17,
      "fingerprint": "a4bb51543a38bbc33b1a13065f2f9da595d0f5fb6fccd0cf277ca361811ee1fd"
    },
    {
      "id": ".github",
      "path": ".github",
      "file_count": 8,
      "fingerprint": "78d38f59475a4bb35c37245a22b7eb0ff4d189c0f5af77ddb397d985a33cb483"
    },
    {
      "id": "docs",
      "path": "docs",
      "file_count": 34,
      "fingerprint": "b1ae0cc13d57e73ee40431a96bf97f2774e28c30b67be4f9ccc2fe8cda938c1d"
    },
    {
      "id": "examples",
      "path": "examples",
      "file_count": 37,
      "fingerprint": "30aed3898723eaf57ef8c77a050462e80dd91a9f3aa5f13c58823b4959f1116e"
    },
    {
      "id": "scripts",
      "path": "scripts",
      "file_count": 9,
      "fingerprint": "f5b4bd09bea54ae34c878fd208377970d0adefbd33c02795bc15c602080581af"
    },
    {
      "id": "src",
      "path": "src",
      "file_count": 110,
      "fingerprint": "24d92d9e24d755c60f857385b8b5576adb62f4ceb66028af2c39aba59d48c0be"
    },
    {
      "id": "src-tauri",
      "path": "src-tauri",
      "file_count": 67,
      "fingerprint": "6b91e31a321c03901d76a2d50f9c09969957b429f475cfcd1b1c3db5c27a7876"
    }
  ]
}
