{
  "source_commit": "e884b4a667d812fdf81f7c95902a848f4b76ae7f",
  "working_tree_dirty": true,
  "generated_at": "2026-08-26T14:00:00Z",
  "scanned_scope": [
    "."
  ],
  "excluded_directories": [
    ".agents",
    ".cache",
    ".git",
    ".hg",
    ".next",
    ".nuxt",
    ".obsidian",
    ".svn",
    ".turbo",
    ".venv",
    ".vscode",
    "__pycache__",
    "build",
    "coverage",
    "dist",
    "docs/codemap",
    "generated",
    "node_modules",
    "out",
    "target",
    "vendor",
    "venv"
  ],
  "fingerprint_algorithm": "sha256-path-content-v2",
  "modules": [
    {
      "id": ".",
      "path": ".",
      "file_count": 18,
      "fingerprint": "15c9acadd17a94528d856e18443eb714f427f895216e38ceaf32b6b80f494134"
    },
    {
      "id": ".github",
      "path": ".github",
      "file_count": 8,
      "fingerprint": "7ccdccd9ed572a5c5efce6a392c4f7d8d484c3177ccd343642b63d4f78a40985"
    },
    {
      "id": "docs",
      "path": "docs",
      "file_count": 41,
      "fingerprint": "063bb5b596de90861cc6ec19d9a9b665d1f0daf6fb032ed3341473530e9e80df"
    },
    {
      "id": "examples",
      "path": "examples",
      "file_count": 37,
      "fingerprint": "48b973f9196883280089936307b02e6a12a96365e6c5d25372ff33f3542228f3"
    },
    {
      "id": "scripts",
      "path": "scripts",
      "file_count": 9,
      "fingerprint": "0b7ec0137b9d7abf6b5199def9009a3e17d3c09b145f930bfd3f6a79cc43eb18"
    },
    {
      "id": "src",
      "path": "src",
      "file_count": 114,
      "fingerprint": "622afda46380aa3ea494cb2f31e4ecf635573aafe2015837e087de9c764f2b9b"
    },
    {
      "id": "src-tauri",
      "path": "src-tauri",
      "file_count": 67,
      "fingerprint": "34388cc1eefc694eca417b0ad807e74072ccd8610b0d9eb0beb8270a006eda4c"
    }
  ]
}
